// !$*UTF8*$!
{
	archiveVersion = 1;
	classes = {
	};
	objectVersion = 56;
	objects = {

/* Begin PBXBuildFile section */
		550CCEC82D131A92003A175E /* SplashViewController.swift in Sources */ = {isa = PBXBuildFile; fileRef = 550CCEC72D131A92003A175E /* SplashViewController.swift */; };
		550CCECC2D229275003A175E /* ProgressHUD in Frameworks */ = {isa = PBXBuildFile; productRef = 550CCECB2D229275003A175E /* ProgressHUD */; };
		550CCECE2D2C30CA003A175E /* UIBlockingProgressHUD.swift in Sources */ = {isa = PBXBuildFile; fileRef = 550CCECD2D2C30CA003A175E /* UIBlockingProgressHUD.swift */; };
		550CCED02D2D5AE2003A175E /* ProfileService.swift in Sources */ = {isa = PBXBuildFile; fileRef = 550CCECF2D2D5AE2003A175E /* ProfileService.swift */; };
		550CCED22D2EEAE2003A175E /* ProfileImageService.swift in Sources */ = {isa = PBXBuildFile; fileRef = 550CCED12D2EEAE2003A175E /* ProfileImageService.swift */; };
		5577E78A2CEF3BD000029CD3 /* AppDelegate.swift in Sources */ = {isa = PBXBuildFile; fileRef = 5577E7892CEF3BD000029CD3 /* AppDelegate.swift */; };
		5577E78C2CEF3BD000029CD3 /* SceneDelegate.swift in Sources */ = {isa = PBXBuildFile; fileRef = 5577E78B2CEF3BD000029CD3 /* SceneDelegate.swift */; };
		5577E78E2CEF3BD000029CD3 /* ImagesListViewController.swift in Sources */ = {isa = PBXBuildFile; fileRef = 5577E78D2CEF3BD000029CD3 /* ImagesListViewController.swift */; };
		5577E7912CEF3BD000029CD3 /* Main.storyboard in Resources */ = {isa = PBXBuildFile; fileRef = 5577E78F2CEF3BD000029CD3 /* Main.storyboard */; };
		5577E7932CEF3BD200029CD3 /* Assets.xcassets in Resources */ = {isa = PBXBuildFile; fileRef = 5577E7922CEF3BD200029CD3 /* Assets.xcassets */; };
		5577E7962CEF3BD200029CD3 /* LaunchScreen.storyboard in Resources */ = {isa = PBXBuildFile; fileRef = 5577E7942CEF3BD200029CD3 /* LaunchScreen.storyboard */; };
		5577E7E72CF659E400029CD3 /* ImagesListCell.swift in Sources */ = {isa = PBXBuildFile; fileRef = 5577E7E62CF659E400029CD3 /* ImagesListCell.swift */; };
		5577E7EA2CFB4E0700029CD3 /* ProfileViewController.swift in Sources */ = {isa = PBXBuildFile; fileRef = 5577E7E92CFB4E0700029CD3 /* ProfileViewController.swift */; };
		5577E7EC2CFE0FCC00029CD3 /* SingleImageViewController.swift in Sources */ = {isa = PBXBuildFile; fileRef = 5577E7EB2CFE0FCC00029CD3 /* SingleImageViewController.swift */; };
		5577E7EE2D0AF65800029CD3 /* Constants.swift in Sources */ = {isa = PBXBuildFile; fileRef = 5577E7ED2D0AF65800029CD3 /* Constants.swift */; };
		5577E7F02D0C5E4900029CD3 /* AuthViewController.swift in Sources */ = {isa = PBXBuildFile; fileRef = 5577E7EF2D0C5E4900029CD3 /* AuthViewController.swift */; };
		5577E7F32D0C80ED00029CD3 /* WebViewViewController.swift in Sources */ = {isa = PBXBuildFile; fileRef = 5577E7F22D0C80ED00029CD3 /* WebViewViewController.swift */; };
		5577E7F52D1050C300029CD3 /* OAuth2Service.swift in Sources */ = {isa = PBXBuildFile; fileRef = 5577E7F42D1050C300029CD3 /* OAuth2Service.swift */; };
		5577E7F72D11AE5E00029CD3 /* URLSession+Data.swift in Sources */ = {isa = PBXBuildFile; fileRef = 5577E7F62D11AE5D00029CD3 /* URLSession+Data.swift */; };
		558ACFA62D33F049004B6665 /* Kingfisher in Frameworks */ = {isa = PBXBuildFile; productRef = 558ACFA52D33F049004B6665 /* Kingfisher */; };
		558ACFA92D340512004B6665 /* SwiftKeychainWrapper in Frameworks */ = {isa = PBXBuildFile; productRef = 558ACFA82D340512004B6665 /* SwiftKeychainWrapper */; };
		558ACFAB2D3408C2004B6665 /* TabBarController.swift in Sources */ = {isa = PBXBuildFile; fileRef = 558ACFAA2D3408C2004B6665 /* TabBarController.swift */; };
		558ACFAD2D3EB61A004B6665 /* AlertPresenter.swift in Sources */ = {isa = PBXBuildFile; fileRef = 558ACFAC2D3EB61A004B6665 /* AlertPresenter.swift */; };
		558ACFAF2D3EB9F2004B6665 /* AlertModel.swift in Sources */ = {isa = PBXBuildFile; fileRef = 558ACFAE2D3EB9F2004B6665 /* AlertModel.swift */; };
		558ACFB12D3EBB5B004B6665 /* ViewControllerProtocol.swift in Sources */ = {isa = PBXBuildFile; fileRef = 558ACFB02D3EBB5B004B6665 /* ViewControllerProtocol.swift */; };
		558ACFB32D425C79004B6665 /* ImagesListService.swift in Sources */ = {isa = PBXBuildFile; fileRef = 558ACFB22D425C79004B6665 /* ImagesListService.swift */; };
		558ACFD02D452DA3004B6665 /* ImagesListServiceTests.swift in Sources */ = {isa = PBXBuildFile; fileRef = 558ACFC82D452BFD004B6665 /* ImagesListServiceTests.swift */; };
/* End PBXBuildFile section */

/* Begin PBXContainerItemProxy section */
		558ACFCA2D452BFD004B6665 /* PBXContainerItemProxy */ = {
			isa = PBXContainerItemProxy;
			containerPortal = 5577E77E2CEF3BD000029CD3 /* Project object */;
			proxyType = 1;
			remoteGlobalIDString = 5577E7852CEF3BD000029CD3;
			remoteInfo = ImageFeed;
		};
/* End PBXContainerItemProxy section */

/* Begin PBXFileReference section */
		550CCEC72D131A92003A175E /* SplashViewController.swift */ = {isa = PBXFileReference; lastKnownFileType = sourcecode.swift; path = SplashViewController.swift; sourceTree = "<group>"; };
		550CCECD2D2C30CA003A175E /* UIBlockingProgressHUD.swift */ = {isa = PBXFileReference; lastKnownFileType = sourcecode.swift; path = UIBlockingProgressHUD.swift; sourceTree = "<group>"; };
		550CCECF2D2D5AE2003A175E /* ProfileService.swift */ = {isa = PBXFileReference; lastKnownFileType = sourcecode.swift; path = ProfileService.swift; sourceTree = "<group>"; };
		550CCED12D2EEAE2003A175E /* ProfileImageService.swift */ = {isa = PBXFileReference; lastKnownFileType = sourcecode.swift; path = ProfileImageService.swift; sourceTree = "<group>"; };
		5577E7862CEF3BD000029CD3 /* ImageFeed.app */ = {isa = PBXFileReference; explicitFileType = wrapper.application; includeInIndex = 0; path = ImageFeed.app; sourceTree = BUILT_PRODUCTS_DIR; };
		5577E7892CEF3BD000029CD3 /* AppDelegate.swift */ = {isa = PBXFileReference; lastKnownFileType = sourcecode.swift; path = AppDelegate.swift; sourceTree = "<group>"; };
		5577E78B2CEF3BD000029CD3 /* SceneDelegate.swift */ = {isa = PBXFileReference; lastKnownFileType = sourcecode.swift; path = SceneDelegate.swift; sourceTree = "<group>"; };
		5577E78D2CEF3BD000029CD3 /* ImagesListViewController.swift */ = {isa = PBXFileReference; lastKnownFileType = sourcecode.swift; path = ImagesListViewController.swift; sourceTree = "<group>"; };
		5577E7902CEF3BD000029CD3 /* Base */ = {isa = PBXFileReference; lastKnownFileType = file.storyboard; name = Base; path = Base.lproj/Main.storyboard; sourceTree = "<group>"; };
		5577E7922CEF3BD200029CD3 /* Assets.xcassets */ = {isa = PBXFileReference; lastKnownFileType = folder.assetcatalog; path = Assets.xcassets; sourceTree = "<group>"; };
		5577E7952CEF3BD200029CD3 /* Base */ = {isa = PBXFileReference; lastKnownFileType = file.storyboard; name = Base; path = Base.lproj/LaunchScreen.storyboard; sourceTree = "<group>"; };
		5577E7972CEF3BD200029CD3 /* Info.plist */ = {isa = PBXFileReference; lastKnownFileType = text.plist.xml; path = Info.plist; sourceTree = "<group>"; };
		5577E7E62CF659E400029CD3 /* ImagesListCell.swift */ = {isa = PBXFileReference; lastKnownFileType = sourcecode.swift; path = ImagesListCell.swift; sourceTree = "<group>"; };
		5577E7E92CFB4E0700029CD3 /* ProfileViewController.swift */ = {isa = PBXFileReference; lastKnownFileType = sourcecode.swift; path = ProfileViewController.swift; sourceTree = "<group>"; };
		5577E7EB2CFE0FCC00029CD3 /* SingleImageViewController.swift */ = {isa = PBXFileReference; lastKnownFileType = sourcecode.swift; path = SingleImageViewController.swift; sourceTree = "<group>"; };
		5577E7ED2D0AF65800029CD3 /* Constants.swift */ = {isa = PBXFileReference; lastKnownFileType = sourcecode.swift; path = Constants.swift; sourceTree = "<group>"; };
		5577E7EF2D0C5E4900029CD3 /* AuthViewController.swift */ = {isa = PBXFileReference; lastKnownFileType = sourcecode.swift; path = AuthViewController.swift; sourceTree = "<group>"; };
		5577E7F22D0C80ED00029CD3 /* WebViewViewController.swift */ = {isa = PBXFileReference; lastKnownFileType = sourcecode.swift; path = WebViewViewController.swift; sourceTree = "<group>"; };
		5577E7F42D1050C300029CD3 /* OAuth2Service.swift */ = {isa = PBXFileReference; lastKnownFileType = sourcecode.swift; path = OAuth2Service.swift; sourceTree = "<group>"; };
		5577E7F62D11AE5D00029CD3 /* URLSession+Data.swift */ = {isa = PBXFileReference; lastKnownFileType = sourcecode.swift; path = "URLSession+Data.swift"; sourceTree = "<group>"; };
		558ACFAA2D3408C2004B6665 /* TabBarController.swift */ = {isa = PBXFileReference; lastKnownFileType = sourcecode.swift; path = TabBarController.swift; sourceTree = "<group>"; };
		558ACFAC2D3EB61A004B6665 /* AlertPresenter.swift */ = {isa = PBXFileReference; lastKnownFileType = sourcecode.swift; path = AlertPresenter.swift; sourceTree = "<group>"; };
		558ACFAE2D3EB9F2004B6665 /* AlertModel.swift */ = {isa = PBXFileReference; lastKnownFileType = sourcecode.swift; path = AlertModel.swift; sourceTree = "<group>"; };
		558ACFB02D3EBB5B004B6665 /* ViewControllerProtocol.swift */ = {isa = PBXFileReference; lastKnownFileType = sourcecode.swift; path = ViewControllerProtocol.swift; sourceTree = "<group>"; };
		558ACFB22D425C79004B6665 /* ImagesListService.swift */ = {isa = PBXFileReference; lastKnownFileType = sourcecode.swift; path = ImagesListService.swift; sourceTree = "<group>"; };
		558ACFC62D452BFD004B6665 /* ImageFeedTestss.xctest */ = {isa = PBXFileReference; explicitFileType = wrapper.cfbundle; includeInIndex = 0; path = ImageFeedTestss.xctest; sourceTree = BUILT_PRODUCTS_DIR; };
		558ACFC82D452BFD004B6665 /* ImagesListServiceTests.swift */ = {isa = PBXFileReference; lastKnownFileType = sourcecode.swift; path = ImagesListServiceTests.swift; sourceTree = "<group>"; };
/* End PBXFileReference section */

/* Begin PBXFrameworksBuildPhase section */
		5577E7832CEF3BD000029CD3 /* Frameworks */ = {
			isa = PBXFrameworksBuildPhase;
			buildActionMask = 2147483647;
			files = (
				558ACFA62D33F049004B6665 /* Kingfisher in Frameworks */,
				550CCECC2D229275003A175E /* ProgressHUD in Frameworks */,
				558ACFA92D340512004B6665 /* SwiftKeychainWrapper in Frameworks */,
			);
			runOnlyForDeploymentPostprocessing = 0;
		};
		558ACFC32D452BFD004B6665 /* Frameworks */ = {
			isa = PBXFrameworksBuildPhase;
			buildActionMask = 2147483647;
			files = (
			);
			runOnlyForDeploymentPostprocessing = 0;
		};
/* End PBXFrameworksBuildPhase section */

/* Begin PBXGroup section */
		5577E77D2CEF3BD000029CD3 = {
			isa = PBXGroup;
			children = (
				5577E7882CEF3BD000029CD3 /* ImageFeed */,
				558ACFC72D452BFD004B6665 /* ImageFeedTestss */,
				5577E7872CEF3BD000029CD3 /* Products */,
			);
			sourceTree = "<group>";
		};
		5577E7872CEF3BD000029CD3 /* Products */ = {
			isa = PBXGroup;
			children = (
				5577E7862CEF3BD000029CD3 /* ImageFeed.app */,
				558ACFC62D452BFD004B6665 /* ImageFeedTestss.xctest */,
			);
			name = Products;
			sourceTree = "<group>";
		};
		5577E7882CEF3BD000029CD3 /* ImageFeed */ = {
			isa = PBXGroup;
			children = (
				5577E7892CEF3BD000029CD3 /* AppDelegate.swift */,
				550CCED12D2EEAE2003A175E /* ProfileImageService.swift */,
				550CCECD2D2C30CA003A175E /* UIBlockingProgressHUD.swift */,
				5577E78B2CEF3BD000029CD3 /* SceneDelegate.swift */,
				550CCECF2D2D5AE2003A175E /* ProfileService.swift */,
				5577E7F42D1050C300029CD3 /* OAuth2Service.swift */,
				558ACFAA2D3408C2004B6665 /* TabBarController.swift */,
				5577E7F62D11AE5D00029CD3 /* URLSession+Data.swift */,
				558ACFB22D425C79004B6665 /* ImagesListService.swift */,
				550CCEC72D131A92003A175E /* SplashViewController.swift */,
				5577E7ED2D0AF65800029CD3 /* Constants.swift */,
				558ACFAE2D3EB9F2004B6665 /* AlertModel.swift */,
				558ACFB02D3EBB5B004B6665 /* ViewControllerProtocol.swift */,
				558ACFAC2D3EB61A004B6665 /* AlertPresenter.swift */,
				5577E7F12D0C5ED600029CD3 /* Auth */,
				5577E7E82CF65B1E00029CD3 /* ImagesList */,
				5577E78F2CEF3BD000029CD3 /* Main.storyboard */,
				5577E7922CEF3BD200029CD3 /* Assets.xcassets */,
				5577E7942CEF3BD200029CD3 /* LaunchScreen.storyboard */,
				5577E7972CEF3BD200029CD3 /* Info.plist */,
			);
			path = ImageFeed;
			sourceTree = "<group>";
		};
		5577E7E82CF65B1E00029CD3 /* ImagesList */ = {
			isa = PBXGroup;
			children = (
				5577E7E62CF659E400029CD3 /* ImagesListCell.swift */,
				5577E78D2CEF3BD000029CD3 /* ImagesListViewController.swift */,
				5577E7E92CFB4E0700029CD3 /* ProfileViewController.swift */,
				5577E7EB2CFE0FCC00029CD3 /* SingleImageViewController.swift */,
			);
			path = ImagesList;
			sourceTree = "<group>";
		};
		5577E7F12D0C5ED600029CD3 /* Auth */ = {
			isa = PBXGroup;
			children = (
				5577E7EF2D0C5E4900029CD3 /* AuthViewController.swift */,
				5577E7F22D0C80ED00029CD3 /* WebViewViewController.swift */,
			);
			path = Auth;
			sourceTree = "<group>";
		};
		558ACFC72D452BFD004B6665 /* ImageFeedTestss */ = {
			isa = PBXGroup;
			children = (
				558ACFC82D452BFD004B6665 /* ImagesListServiceTests.swift */,
			);
			path = ImageFeedTestss;
			sourceTree = "<group>";
		};
/* End PBXGroup section */

/* Begin PBXNativeTarget section */
		5577E7852CEF3BD000029CD3 /* ImageFeed */ = {
			isa = PBXNativeTarget;
			buildConfigurationList = 5577E79A2CEF3BD200029CD3 /* Build configuration list for PBXNativeTarget "ImageFeed" */;
			buildPhases = (
				5577E7822CEF3BD000029CD3 /* Sources */,
				5577E7832CEF3BD000029CD3 /* Frameworks */,
				5577E7842CEF3BD000029CD3 /* Resources */,
			);
			buildRules = (
			);
			dependencies = (
			);
			name = ImageFeed;
			packageProductDependencies = (
				550CCECB2D229275003A175E /* ProgressHUD */,
				558ACFA52D33F049004B6665 /* Kingfisher */,
				558ACFA82D340512004B6665 /* SwiftKeychainWrapper */,
			);
			productName = ImageFeed;
			productReference = 5577E7862CEF3BD000029CD3 /* ImageFeed.app */;
			productType = "com.apple.product-type.application";
		};
		558ACFC52D452BFD004B6665 /* ImageFeedTestss */ = {
			isa = PBXNativeTarget;
			buildConfigurationList = 558ACFCC2D452BFD004B6665 /* Build configuration list for PBXNativeTarget "ImageFeedTestss" */;
			buildPhases = (
				558ACFC22D452BFD004B6665 /* Sources */,
				558ACFC32D452BFD004B6665 /* Frameworks */,
				558ACFC42D452BFD004B6665 /* Resources */,
			);
			buildRules = (
			);
			dependencies = (
				558ACFCB2D452BFD004B6665 /* PBXTargetDependency */,
			);
			name = ImageFeedTestss;
			productName = ImageFeedTestss;
			productReference = 558ACFC62D452BFD004B6665 /* ImageFeedTestss.xctest */;
			productType = "com.apple.product-type.bundle.unit-test";
		};
/* End PBXNativeTarget section */

/* Begin PBXProject section */
		5577E77E2CEF3BD000029CD3 /* Project object */ = {
			isa = PBXProject;
			attributes = {
				BuildIndependentTargetsInParallel = 1;
				KnownAssetTags = (
					UsersAvatar,
				);
				LastSwiftUpdateCheck = 1520;
				LastUpgradeCheck = 1520;
				TargetAttributes = {
					5577E7852CEF3BD000029CD3 = {
						CreatedOnToolsVersion = 15.2;
					};
					558ACFC52D452BFD004B6665 = {
						CreatedOnToolsVersion = 15.2;
						TestTargetID = 5577E7852CEF3BD000029CD3;
					};
				};
			};
			buildConfigurationList = 5577E7812CEF3BD000029CD3 /* Build configuration list for PBXProject "ImageFeed" */;
			compatibilityVersion = "Xcode 14.0";
			developmentRegion = en;
			hasScannedForEncodings = 0;
			knownRegions = (
				en,
				Base,
			);
			mainGroup = 5577E77D2CEF3BD000029CD3;
			packageReferences = (
				550CCECA2D2291F7003A175E /* XCRemoteSwiftPackageReference "ProgressHUD" */,
				550CCED32D318833003A175E /* XCRemoteSwiftPackageReference "Kingfisher" */,
				558ACFA72D340024004B6665 /* XCRemoteSwiftPackageReference "SwiftKeychainWrapper" */,
			);
			productRefGroup = 5577E7872CEF3BD000029CD3 /* Products */;
			projectDirPath = "";
			projectRoot = "";
			targets = (
				5577E7852CEF3BD000029CD3 /* ImageFeed */,
				558ACFC52D452BFD004B6665 /* ImageFeedTestss */,
			);
		};
/* End PBXProject section */

/* Begin PBXResourcesBuildPhase section */
		5577E7842CEF3BD000029CD3 /* Resources */ = {
			isa = PBXResourcesBuildPhase;
			buildActionMask = 2147483647;
			files = (
				5577E7962CEF3BD200029CD3 /* LaunchScreen.storyboard in Resources */,
				5577E7932CEF3BD200029CD3 /* Assets.xcassets in Resources */,
				5577E7912CEF3BD000029CD3 /* Main.storyboard in Resources */,
			);
			runOnlyForDeploymentPostprocessing = 0;
		};
		558ACFC42D452BFD004B6665 /* Resources */ = {
			isa = PBXResourcesBuildPhase;
			buildActionMask = 2147483647;
			files = (
			);
			runOnlyForDeploymentPostprocessing = 0;
		};
/* End PBXResourcesBuildPhase section */

/* Begin PBXSourcesBuildPhase section */
		5577E7822CEF3BD000029CD3 /* Sources */ = {
			isa = PBXSourcesBuildPhase;
			buildActionMask = 2147483647;
			files = (
				5577E78E2CEF3BD000029CD3 /* ImagesListViewController.swift in Sources */,
				558ACFAB2D3408C2004B6665 /* TabBarController.swift in Sources */,
				5577E7E72CF659E400029CD3 /* ImagesListCell.swift in Sources */,
				5577E7EA2CFB4E0700029CD3 /* ProfileViewController.swift in Sources */,
				550CCEC82D131A92003A175E /* SplashViewController.swift in Sources */,
				558ACFB32D425C79004B6665 /* ImagesListService.swift in Sources */,
				5577E78A2CEF3BD000029CD3 /* AppDelegate.swift in Sources */,
				5577E7F02D0C5E4900029CD3 /* AuthViewController.swift in Sources */,
				550CCECE2D2C30CA003A175E /* UIBlockingProgressHUD.swift in Sources */,
				5577E7EE2D0AF65800029CD3 /* Constants.swift in Sources */,
				5577E7EC2CFE0FCC00029CD3 /* SingleImageViewController.swift in Sources */,
				5577E7F72D11AE5E00029CD3 /* URLSession+Data.swift in Sources */,
				558ACFAD2D3EB61A004B6665 /* AlertPresenter.swift in Sources */,
				5577E7F32D0C80ED00029CD3 /* WebViewViewController.swift in Sources */,
				5577E7F52D1050C300029CD3 /* OAuth2Service.swift in Sources */,
				550CCED22D2EEAE2003A175E /* ProfileImageService.swift in Sources */,
				5577E78C2CEF3BD000029CD3 /* SceneDelegate.swift in Sources */,
				558ACFB12D3EBB5B004B6665 /* ViewControllerProtocol.swift in Sources */,
				558ACFAF2D3EB9F2004B6665 /* AlertModel.swift in Sources */,
				550CCED02D2D5AE2003A175E /* ProfileService.swift in Sources */,
			);
			runOnlyForDeploymentPostprocessing = 0;
		};
		558ACFC22D452BFD004B6665 /* Sources */ = {
			isa = PBXSourcesBuildPhase;
			buildActionMask = 2147483647;
			files = (
				558ACFD02D452DA3004B6665 /* ImagesListServiceTests.swift in Sources */,
			);
			runOnlyForDeploymentPostprocessing = 0;
		};
/* End PBXSourcesBuildPhase section */

/* Begin PBXTargetDependency section */
		558ACFCB2D452BFD004B6665 /* PBXTargetDependency */ = {
			isa = PBXTargetDependency;
			target = 5577E7852CEF3BD000029CD3 /* ImageFeed */;
			targetProxy = 558ACFCA2D452BFD004B6665 /* PBXContainerItemProxy */;
		};
/* End PBXTargetDependency section */

/* Begin PBXVariantGroup section */
		5577E78F2CEF3BD000029CD3 /* Main.storyboard */ = {
			isa = PBXVariantGroup;
			children = (
				5577E7902CEF3BD000029CD3 /* Base */,
			);
			name = Main.storyboard;
			sourceTree = "<group>";
		};
		5577E7942CEF3BD200029CD3 /* LaunchScreen.storyboard */ = {
			isa = PBXVariantGroup;
			children = (
				5577E7952CEF3BD200029CD3 /* Base */,
			);
			name = LaunchScreen.storyboard;
			sourceTree = "<group>";
		};
/* End PBXVariantGroup section */

/* Begin XCBuildConfiguration section */
		5577E7982CEF3BD200029CD3 /* Debug */ = {
			isa = XCBuildConfiguration;
			buildSettings = {
				ALWAYS_SEARCH_USER_PATHS = NO;
				ASSETCATALOG_COMPILER_GENERATE_SWIFT_ASSET_SYMBOL_EXTENSIONS = YES;
				CLANG_ANALYZER_NONNULL = YES;
				CLANG_ANALYZER_NUMBER_OBJECT_CONVERSION = YES_AGGRESSIVE;
				CLANG_CXX_LANGUAGE_STANDARD = "gnu++20";
				CLANG_ENABLE_MODULES = YES;
				CLANG_ENABLE_OBJC_ARC = YES;
				CLANG_ENABLE_OBJC_WEAK = YES;
				CLANG_WARN_BLOCK_CAPTURE_AUTORELEASING = YES;
				CLANG_WARN_BOOL_CONVERSION = YES;
				CLANG_WARN_COMMA = YES;
				CLANG_WARN_CONSTANT_CONVERSION = YES;
				CLANG_WARN_DEPRECATED_OBJC_IMPLEMENTATIONS = YES;
				CLANG_WARN_DIRECT_OBJC_ISA_USAGE = YES_ERROR;
				CLANG_WARN_DOCUMENTATION_COMMENTS = YES;
				CLANG_WARN_EMPTY_BODY = YES;
				CLANG_WARN_ENUM_CONVERSION = YES;
				CLANG_WARN_INFINITE_RECURSION = YES;
				CLANG_WARN_INT_CONVERSION = YES;
				CLANG_WARN_NON_LITERAL_NULL_CONVERSION = YES;
				CLANG_WARN_OBJC_IMPLICIT_RETAIN_SELF = YES;
				CLANG_WARN_OBJC_LITERAL_CONVERSION = YES;
				CLANG_WARN_OBJC_ROOT_CLASS = YES_ERROR;
				CLANG_WARN_QUOTED_INCLUDE_IN_FRAMEWORK_HEADER = YES;
				CLANG_WARN_RANGE_LOOP_ANALYSIS = YES;
				CLANG_WARN_STRICT_PROTOTYPES = YES;
				CLANG_WARN_SUSPICIOUS_MOVE = YES;
				CLANG_WARN_UNGUARDED_AVAILABILITY = YES_AGGRESSIVE;
				CLANG_WARN_UNREACHABLE_CODE = YES;
				CLANG_WARN__DUPLICATE_METHOD_MATCH = YES;
				COPY_PHASE_STRIP = NO;
				DEBUG_INFORMATION_FORMAT = dwarf;
				ENABLE_STRICT_OBJC_MSGSEND = YES;
				ENABLE_TESTABILITY = YES;
				ENABLE_USER_SCRIPT_SANDBOXING = YES;
				GCC_C_LANGUAGE_STANDARD = gnu17;
				GCC_DYNAMIC_NO_PIC = NO;
				GCC_NO_COMMON_BLOCKS = YES;
				GCC_OPTIMIZATION_LEVEL = 0;
				GCC_PREPROCESSOR_DEFINITIONS = (
					"DEBUG=1",
					"$(inherited)",
				);
				GCC_WARN_64_TO_32_BIT_CONVERSION = YES;
				GCC_WARN_ABOUT_RETURN_TYPE = YES_ERROR;
				GCC_WARN_UNDECLARED_SELECTOR = YES;
				GCC_WARN_UNINITIALIZED_AUTOS = YES_AGGRESSIVE;
				GCC_WARN_UNUSED_FUNCTION = YES;
				GCC_WARN_UNUSED_VARIABLE = YES;
				IPHONEOS_DEPLOYMENT_TARGET = 17.2;
				LOCALIZATION_PREFERS_STRING_CATALOGS = YES;
				MTL_ENABLE_DEBUG_INFO = INCLUDE_SOURCE;
				MTL_FAST_MATH = YES;
				ONLY_ACTIVE_ARCH = YES;
				SDKROOT = iphoneos;
				SWIFT_ACTIVE_COMPILATION_CONDITIONS = "DEBUG $(inherited)";
				SWIFT_OPTIMIZATION_LEVEL = "-Onone";
			};
			name = Debug;
		};
		5577E7992CEF3BD200029CD3 /* Release */ = {
			isa = XCBuildConfiguration;
			buildSettings = {
				ALWAYS_SEARCH_USER_PATHS = NO;
				ASSETCATALOG_COMPILER_GENERATE_SWIFT_ASSET_SYMBOL_EXTENSIONS = YES;
				CLANG_ANALYZER_NONNULL = YES;
				CLANG_ANALYZER_NUMBER_OBJECT_CONVERSION = YES_AGGRESSIVE;
				CLANG_CXX_LANGUAGE_STANDARD = "gnu++20";
				CLANG_ENABLE_MODULES = YES;
				CLANG_ENABLE_OBJC_ARC = YES;
				CLANG_ENABLE_OBJC_WEAK = YES;
				CLANG_WARN_BLOCK_CAPTURE_AUTORELEASING = YES;
				CLANG_WARN_BOOL_CONVERSION = YES;
				CLANG_WARN_COMMA = YES;
				CLANG_WARN_CONSTANT_CONVERSION = YES;
				CLANG_WARN_DEPRECATED_OBJC_IMPLEMENTATIONS = YES;
				CLANG_WARN_DIRECT_OBJC_ISA_USAGE = YES_ERROR;
				CLANG_WARN_DOCUMENTATION_COMMENTS = YES;
				CLANG_WARN_EMPTY_BODY = YES;
				CLANG_WARN_ENUM_CONVERSION = YES;
				CLANG_WARN_INFINITE_RECURSION = YES;
				CLANG_WARN_INT_CONVERSION = YES;
				CLANG_WARN_NON_LITERAL_NULL_CONVERSION = YES;
				CLANG_WARN_OBJC_IMPLICIT_RETAIN_SELF = YES;
				CLANG_WARN_OBJC_LITERAL_CONVERSION = YES;
				CLANG_WARN_OBJC_ROOT_CLASS = YES_ERROR;
				CLANG_WARN_QUOTED_INCLUDE_IN_FRAMEWORK_HEADER = YES;
				CLANG_WARN_RANGE_LOOP_ANALYSIS = YES;
				CLANG_WARN_STRICT_PROTOTYPES = YES;
				CLANG_WARN_SUSPICIOUS_MOVE = YES;
				CLANG_WARN_UNGUARDED_AVAILABILITY = YES_AGGRESSIVE;
				CLANG_WARN_UNREACHABLE_CODE = YES;
				CLANG_WARN__DUPLICATE_METHOD_MATCH = YES;
				COPY_PHASE_STRIP = NO;
				DEBUG_INFORMATION_FORMAT = "dwarf-with-dsym";
				ENABLE_NS_ASSERTIONS = NO;
				ENABLE_STRICT_OBJC_MSGSEND = YES;
				ENABLE_USER_SCRIPT_SANDBOXING = YES;
				GCC_C_LANGUAGE_STANDARD = gnu17;
				GCC_NO_COMMON_BLOCKS = YES;
				GCC_WARN_64_TO_32_BIT_CONVERSION = YES;
				GCC_WARN_ABOUT_RETURN_TYPE = YES_ERROR;
				GCC_WARN_UNDECLARED_SELECTOR = YES;
				GCC_WARN_UNINITIALIZED_AUTOS = YES_AGGRESSIVE;
				GCC_WARN_UNUSED_FUNCTION = YES;
				GCC_WARN_UNUSED_VARIABLE = YES;
				IPHONEOS_DEPLOYMENT_TARGET = 17.2;
				LOCALIZATION_PREFERS_STRING_CATALOGS = YES;
				MTL_ENABLE_DEBUG_INFO = NO;
				MTL_FAST_MATH = YES;
				SDKROOT = iphoneos;
				SWIFT_COMPILATION_MODE = wholemodule;
				VALIDATE_PRODUCT = YES;
			};
			name = Release;
		};
		5577E79B2CEF3BD200029CD3 /* Debug */ = {
			isa = XCBuildConfiguration;
			buildSettings = {
				ASSETCATALOG_COMPILER_APPICON_NAME = AppIcon;
				ASSETCATALOG_COMPILER_GLOBAL_ACCENT_COLOR_NAME = AccentColor;
				CODE_SIGN_STYLE = Automatic;
				CURRENT_PROJECT_VERSION = 1;
				DEVELOPMENT_TEAM = 3G388WS58T;
				GENERATE_INFOPLIST_FILE = YES;
				INFOPLIST_FILE = ImageFeed/Info.plist;
				INFOPLIST_KEY_UIApplicationSupportsIndirectInputEvents = YES;
				INFOPLIST_KEY_UILaunchStoryboardName = LaunchScreen;
				INFOPLIST_KEY_UIMainStoryboardFile = Main;
				INFOPLIST_KEY_UISupportedInterfaceOrientations = UIInterfaceOrientationPortrait;
				INFOPLIST_KEY_UISupportedInterfaceOrientations_iPad = "UIInterfaceOrientationLandscapeLeft UIInterfaceOrientationLandscapeRight UIInterfaceOrientationPortrait";
				IPHONEOS_DEPLOYMENT_TARGET = 13.0;
				LD_RUNPATH_SEARCH_PATHS = (
					"$(inherited)",
					"@executable_path/Frameworks",
				);
				MARKETING_VERSION = 1.0;
				PRODUCT_BUNDLE_IDENTIFIER = ru.yandex.practicum.ImageFeed;
				PRODUCT_NAME = "$(TARGET_NAME)";
				SUPPORTED_PLATFORMS = "iphoneos iphonesimulator";
				SUPPORTS_MACCATALYST = NO;
				SUPPORTS_MAC_DESIGNED_FOR_IPHONE_IPAD = NO;
				SUPPORTS_XR_DESIGNED_FOR_IPHONE_IPAD = NO;
				SWIFT_EMIT_LOC_STRINGS = YES;
				SWIFT_VERSION = 5.0;
				TARGETED_DEVICE_FAMILY = 1;
			};
			name = Debug;
		};
		5577E79C2CEF3BD200029CD3 /* Release */ = {
			isa = XCBuildConfiguration;
			buildSettings = {
				ASSETCATALOG_COMPILER_APPICON_NAME = AppIcon;
				ASSETCATALOG_COMPILER_GLOBAL_ACCENT_COLOR_NAME = AccentColor;
				CODE_SIGN_STYLE = Automatic;
				CURRENT_PROJECT_VERSION = 1;
				DEVELOPMENT_TEAM = 3G388WS58T;
				GENERATE_INFOPLIST_FILE = YES;
				INFOPLIST_FILE = ImageFeed/Info.plist;
				INFOPLIST_KEY_UIApplicationSupportsIndirectInputEvents = YES;
				INFOPLIST_KEY_UILaunchStoryboardName = LaunchScreen;
				INFOPLIST_KEY_UIMainStoryboardFile = Main;
				INFOPLIST_KEY_UISupportedInterfaceOrientations = UIInterfaceOrientationPortrait;
				INFOPLIST_KEY_UISupportedInterfaceOrientations_iPad = "UIInterfaceOrientationLandscapeLeft UIInterfaceOrientationLandscapeRight UIInterfaceOrientationPortrait";
				IPHONEOS_DEPLOYMENT_TARGET = 13.0;
				LD_RUNPATH_SEARCH_PATHS = (
					"$(inherited)",
					"@executable_path/Frameworks",
				);
				MARKETING_VERSION = 1.0;
				PRODUCT_BUNDLE_IDENTIFIER = ru.yandex.practicum.ImageFeed;
				PRODUCT_NAME = "$(TARGET_NAME)";
				SUPPORTED_PLATFORMS = "iphoneos iphonesimulator";
				SUPPORTS_MACCATALYST = NO;
				SUPPORTS_MAC_DESIGNED_FOR_IPHONE_IPAD = NO;
				SUPPORTS_XR_DESIGNED_FOR_IPHONE_IPAD = NO;
				SWIFT_EMIT_LOC_STRINGS = YES;
				SWIFT_VERSION = 5.0;
				TARGETED_DEVICE_FAMILY = 1;
			};
			name = Release;
		};
		558ACFCD2D452BFD004B6665 /* Debug */ = {
			isa = XCBuildConfiguration;
			buildSettings = {
				BUNDLE_LOADER = "$(TEST_HOST)";
				CODE_SIGN_STYLE = Automatic;
				CURRENT_PROJECT_VERSION = 1;
				DEVELOPMENT_TEAM = 3G388WS58T;
				GENERATE_INFOPLIST_FILE = YES;
				MARKETING_VERSION = 1.0;
				PRODUCT_BUNDLE_IDENTIFIER = "ru.praktikum.image-Feed.ImageFeedTestss";
				PRODUCT_NAME = "$(TARGET_NAME)";
				SWIFT_EMIT_LOC_STRINGS = NO;
				SWIFT_VERSION = 5.0;
				TARGETED_DEVICE_FAMILY = "1,2";
				TEST_HOST = "$(BUILT_PRODUCTS_DIR)/ImageFeed.app/$(BUNDLE_EXECUTABLE_FOLDER_PATH)/ImageFeed";
			};
			name = Debug;
		};
		558ACFCE2D452BFD004B6665 /* Release */ = {
			isa = XCBuildConfiguration;
			buildSettings = {
				BUNDLE_LOADER = "$(TEST_HOST)";
				CODE_SIGN_STYLE = Automatic;
				CURRENT_PROJECT_VERSION = 1;
				DEVELOPMENT_TEAM = 3G388WS58T;
				GENERATE_INFOPLIST_FILE = YES;
				MARKETING_VERSION = 1.0;
				PRODUCT_BUNDLE_IDENTIFIER = "ru.praktikum.image-Feed.ImageFeedTestss";
				PRODUCT_NAME = "$(TARGET_NAME)";
				SWIFT_EMIT_LOC_STRINGS = NO;
				SWIFT_VERSION = 5.0;
				TARGETED_DEVICE_FAMILY = "1,2";
				TEST_HOST = "$(BUILT_PRODUCTS_DIR)/ImageFeed.app/$(BUNDLE_EXECUTABLE_FOLDER_PATH)/ImageFeed";
			};
			name = Release;
		};
/* End XCBuildConfiguration section */

/* Begin XCConfigurationList section */
		5577E7812CEF3BD000029CD3 /* Build configuration list for PBXProject "ImageFeed" */ = {
			isa = XCConfigurationList;
			buildConfigurations = (
				5577E7982CEF3BD200029CD3 /* Debug */,
				5577E7992CEF3BD200029CD3 /* Release */,
			);
			defaultConfigurationIsVisible = 0;
			defaultConfigurationName = Release;
		};
		5577E79A2CEF3BD200029CD3 /* Build configuration list for PBXNativeTarget "ImageFeed" */ = {
			isa = XCConfigurationList;
			buildConfigurations = (
				5577E79B2CEF3BD200029CD3 /* Debug */,
				5577E79C2CEF3BD200029CD3 /* Release */,
			);
			defaultConfigurationIsVisible = 0;
			defaultConfigurationName = Release;
		};
		558ACFCC2D452BFD004B6665 /* Build configuration list for PBXNativeTarget "ImageFeedTestss" */ = {
			isa = XCConfigurationList;
			buildConfigurations = (
				558ACFCD2D452BFD004B6665 /* Debug */,
				558ACFCE2D452BFD004B6665 /* Release */,
			);
			defaultConfigurationIsVisible = 0;
			defaultConfigurationName = Release;
		};
/* End XCConfigurationList section */

/* Begin XCRemoteSwiftPackageReference section */
		550CCECA2D2291F7003A175E /* XCRemoteSwiftPackageReference "ProgressHUD" */ = {
			isa = XCRemoteSwiftPackageReference;
			repositoryURL = "https://github.com/relatedcode/ProgressHUD";
			requirement = {
				kind = exactVersion;
				version = 14.1.3;
			};
		};
		550CCED32D318833003A175E /* XCRemoteSwiftPackageReference "Kingfisher" */ = {
			isa = XCRemoteSwiftPackageReference;
			repositoryURL = "https://github.com/onevcat/Kingfisher";
			requirement = {
				kind = upToNextMajorVersion;
				minimumVersion = 8.1.3;
			};
		};
		558ACFA72D340024004B6665 /* XCRemoteSwiftPackageReference "SwiftKeychainWrapper" */ = {
			isa = XCRemoteSwiftPackageReference;
			repositoryURL = "https://github.com/jrendel/SwiftKeychainWrapper";
			requirement = {
				kind = upToNextMajorVersion;
				minimumVersion = 4.0.1;
			};
		};
/* End XCRemoteSwiftPackageReference section */

/* Begin XCSwiftPackageProductDependency section */
		550CCECB2D229275003A175E /* ProgressHUD */ = {
			isa = XCSwiftPackageProductDependency;
			package = 550CCECA2D2291F7003A175E /* XCRemoteSwiftPackageReference "ProgressHUD" */;
			productName = ProgressHUD;
		};
		558ACFA52D33F049004B6665 /* Kingfisher */ = {
			isa = XCSwiftPackageProductDependency;
			package = 550CCED32D318833003A175E /* XCRemoteSwiftPackageReference "Kingfisher" */;
			productName = Kingfisher;
		};
		558ACFA82D340512004B6665 /* SwiftKeychainWrapper */ = {
			isa = XCSwiftPackageProductDependency;
			package = 558ACFA72D340024004B6665 /* XCRemoteSwiftPackageReference "SwiftKeychainWrapper" */;
			productName = SwiftKeychainWrapper;
		};
/* End XCSwiftPackageProductDependency section */
	};
	rootObject = 5577E77E2CEF3BD000029CD3 /* Project object */;
}
